
Microsoft Visual Studio Solution File, Format Version 12.00
# Visual Studio Version 16
VisualStudioVersion = 16.0.31424.327
MinimumVisualStudioVersion = 10.0.40219.1
Project("{FAE04EC0-301F-11D3-BF4B-00C04F79EFBC}") = "Abstract_Selector", "Abstract_Selector\Abstract_Selector.csproj", "{AC3AEB85-2E8F-415A-B168-8B14F08A8B76}"
EndProject
Global
	GlobalSection(SolutionConfigurationPlatforms) = preSolution
		Debug|Any CPU = Debug|Any CPU
		Release|Any CPU = Release|Any CPU
	EndGlobalSection
	GlobalSection(ProjectConfigurationPlatforms) = postSolution
		{AC3AEB85-2E8F-415A-B168-8B14F08A8B76}.Debug|Any CPU.ActiveCfg = Debug|Any CPU
		{AC3AEB85-2E8F-415A-B168-8B14F08A8B76}.Debug|Any CPU.Build.0 = Debug|Any CPU
		{AC3AEB85-2E8F-415A-B168-8B14F08A8B76}.Release|Any CPU.ActiveCfg = Release|Any CPU
		{AC3AEB85-2E8F-415A-B168-8B14F08A8B76}.Release|Any CPU.Build.0 = Release|Any CPU
	EndGlobalSection
	GlobalSection(SolutionProperties) = preSolution
		HideSolutionNode = FALSE
	EndGlobalSection
	GlobalSection(ExtensibilityGlobals) = postSolution
		SolutionGuid = {B80C6047-ED7D-4D1C-B80A-B1A28F50B8FB}
	EndGlobalSection
EndGlobal
